
Microsoft Visual Studio Solution File, Format Version 12.00
Project("{FAE04EC0-301F-11D3-BF4B-00C04F79EFBC}") = "webapp-FileSorting-cs", "webapp-FileSorting-cs\webapp-FileSorting-cs.csproj", "{E544D3EB-79B9-49D0-B768-28D6D30D2B6A}"
EndProject
Project("{FAE04EC0-301F-11D3-BF4B-00C04F79EFBC}") = "WebApi", "WebApi\WebApi.csproj", "{DC7B8560-C0DE-44E6-A6BD-405181FC9155}"
EndProject
Global
	GlobalSection(SolutionConfigurationPlatforms) = preSolution
		Debug|Any CPU = Debug|Any CPU
		Release|Any CPU = Release|Any CPU
	EndGlobalSection
	GlobalSection(ProjectConfigurationPlatforms) = postSolution
		{E544D3EB-79B9-49D0-B768-28D6D30D2B6A}.Debug|Any CPU.ActiveCfg = Debug|Any CPU
		{E544D3EB-79B9-49D0-B768-28D6D30D2B6A}.Debug|Any CPU.Build.0 = Debug|Any CPU
		{E544D3EB-79B9-49D0-B768-28D6D30D2B6A}.Release|Any CPU.ActiveCfg = Release|Any CPU
		{E544D3EB-79B9-49D0-B768-28D6D30D2B6A}.Release|Any CPU.Build.0 = Release|Any CPU
		{DC7B8560-C0DE-44E6-A6BD-405181FC9155}.Debug|Any CPU.ActiveCfg = Debug|Any CPU
		{DC7B8560-C0DE-44E6-A6BD-405181FC9155}.Debug|Any CPU.Build.0 = Debug|Any CPU
		{DC7B8560-C0DE-44E6-A6BD-405181FC9155}.Release|Any CPU.ActiveCfg = Release|Any CPU
		{DC7B8560-C0DE-44E6-A6BD-405181FC9155}.Release|Any CPU.Build.0 = Release|Any CPU
	EndGlobalSection
EndGlobal
